// !$*UTF8*$!
{
	archiveVersion = 1;
	classes = {
	};
	objectVersion = 46;
	objects = {

/* Begin PBXBuildFile section */
		37B5F0BB1CD999800033E35C /* main.m in Sources */ = {isa = PBXBuildFile; fileRef = 37B5F0BA1CD999800033E35C /* main.m */; };
		37B5F0BE1CD999800033E35C /* AppDelegate.m in Sources */ = {isa = PBXBuildFile; fileRef = 37B5F0BD1CD999800033E35C /* AppDelegate.m */; };
		37B5F0C11CD999800033E35C /* ViewController.m in Sources */ = {isa = PBXBuildFile; fileRef = 37B5F0C01CD999800033E35C /* ViewController.m */; };
		37B5F0C41CD999800033E35C /* Main.storyboard in Resources */ = {isa = PBXBuildFile; fileRef = 37B5F0C21CD999800033E35C /* Main.storyboard */; };
		37B5F0C61CD999810033E35C /* Assets.xcassets in Resources */ = {isa = PBXBuildFile; fileRef = 37B5F0C51CD999810033E35C /* Assets.xcassets */; };
		37B5F0C91CD999810033E35C /* LaunchScreen.storyboard in Resources */ = {isa = PBXBuildFile; fileRef = 37B5F0C71CD999810033E35C /* LaunchScreen.storyboard */; };
		37B5F0D21CD999D60033E35C /* Spotify.framework in Frameworks */ = {isa = PBXBuildFile; fileRef = 37B5F0D11CD999D60033E35C /* Spotify.framework */; };
		37B5F0D41CD99DA90033E35C /* AVFoundation.framework in Frameworks */ = {isa = PBXBuildFile; fileRef = 37B5F0D31CD99DA90033E35C /* AVFoundation.framework */; };
		37B5F0D61CD99DB50033E35C /* SystemConfiguration.framework in Frameworks */ = {isa = PBXBuildFile; fileRef = 37B5F0D51CD99DB50033E35C /* SystemConfiguration.framework */; };
		37B5F0D91CD9B30F0033E35C /* Secrets.m in Sources */ = {isa = PBXBuildFile; fileRef = 37B5F0D81CD9B30F0033E35C /* Secrets.m */; };
/* End PBXBuildFile section */

/* Begin PBXFileReference section */
		37B5F0B61CD999800033E35C /* thatTrack.app */ = {isa = PBXFileReference; explicitFileType = wrapper.application; includeInIndex = 0; path = thatTrack.app; sourceTree = BUILT_PRODUCTS_DIR; };
		37B5F0BA1CD999800033E35C /* main.m */ = {isa = PBXFileReference; lastKnownFileType = sourcecode.c.objc; path = main.m; sourceTree = "<group>"; };
		37B5F0BC1CD999800033E35C /* AppDelegate.h */ = {isa = PBXFileReference; lastKnownFileType = sourcecode.c.h; path = AppDelegate.h; sourceTree = "<group>"; };
		37B5F0BD1CD999800033E35C /* AppDelegate.m */ = {isa = PBXFileReference; lastKnownFileType = sourcecode.c.objc; path = AppDelegate.m; sourceTree = "<group>"; };
		37B5F0BF1CD999800033E35C /* ViewController.h */ = {isa = PBXFileReference; lastKnownFileType = sourcecode.c.h; path = ViewController.h; sourceTree = "<group>"; };
		37B5F0C01CD999800033E35C /* ViewController.m */ = {isa = PBXFileReference; lastKnownFileType = sourcecode.c.objc; path = ViewController.m; sourceTree = "<group>"; };
		37B5F0C31CD999800033E35C /* Base */ = {isa = PBXFileReference; lastKnownFileType = file.storyboard; name = Base; path = Base.lproj/Main.storyboard; sourceTree = "<group>"; };
		37B5F0C51CD999810033E35C /* Assets.xcassets */ = {isa = PBXFileReference; lastKnownFileType = folder.assetcatalog; path = Assets.xcassets; sourceTree = "<group>"; };
		37B5F0C81CD999810033E35C /* Base */ = {isa = PBXFileReference; lastKnownFileType = file.storyboard; name = Base; path = Base.lproj/LaunchScreen.storyboard; sourceTree = "<group>"; };
		37B5F0CA1CD999810033E35C /* Info.plist */ = {isa = PBXFileReference; lastKnownFileType = text.plist.xml; path = Info.plist; sourceTree = "<group>"; };
		37B5F0D11CD999D60033E35C /* Spotify.framework */ = {isa = PBXFileReference; lastKnownFileType = wrapper.framework; path = Spotify.framework; sourceTree = "<group>"; };
		37B5F0D31CD99DA90033E35C /* AVFoundation.framework */ = {isa = PBXFileReference; lastKnownFileType = wrapper.framework; name = AVFoundation.framework; path = System/Library/Frameworks/AVFoundation.framework; sourceTree = SDKROOT; };
		37B5F0D51CD99DB50033E35C /* SystemConfiguration.framework */ = {isa = PBXFileReference; lastKnownFileType = wrapper.framework; name = SystemConfiguration.framework; path = System/Library/Frameworks/SystemConfiguration.framework; sourceTree = SDKROOT; };
		37B5F0D71CD9B30F0033E35C /* Secrets.h */ = {isa = PBXFileReference; fileEncoding = 4; lastKnownFileType = sourcecode.c.h; path = Secrets.h; sourceTree = "<group>"; };
		37B5F0D81CD9B30F0033E35C /* Secrets.m */ = {isa = PBXFileReference; fileEncoding = 4; lastKnownFileType = sourcecode.c.objc; path = Secrets.m; sourceTree = "<group>"; };
/* End PBXFileReference section */

/* Begin PBXFrameworksBuildPhase section */
		37B5F0B31CD999800033E35C /* Frameworks */ = {
			isa = PBXFrameworksBuildPhase;
			buildActionMask = 2147483647;
			files = (
				37B5F0D61CD99DB50033E35C /* SystemConfiguration.framework in Frameworks */,
				37B5F0D41CD99DA90033E35C /* AVFoundation.framework in Frameworks */,
				37B5F0D21CD999D60033E35C /* Spotify.framework in Frameworks */,
			);
			runOnlyForDeploymentPostprocessing = 0;
		};
/* End PBXFrameworksBuildPhase section */

/* Begin PBXGroup section */
		37B5F0AD1CD999800033E35C = {
			isa = PBXGroup;
			children = (
				37B5F0D01CD999B40033E35C /* Frameworks */,
				37B5F0B81CD999800033E35C /* thatTrack */,
				37B5F0B71CD999800033E35C /* Products */,
			);
			sourceTree = "<group>";
		};
		37B5F0B71CD999800033E35C /* Products */ = {
			isa = PBXGroup;
			children = (
				37B5F0B61CD999800033E35C /* thatTrack.app */,
			);
			name = Products;
			sourceTree = "<group>";
		};
		37B5F0B81CD999800033E35C /* thatTrack */ = {
			isa = PBXGroup;
			children = (
				37B5F0BC1CD999800033E35C /* AppDelegate.h */,
				37B5F0BD1CD999800033E35C /* AppDelegate.m */,
				37B5F0BF1CD999800033E35C /* ViewController.h */,
				37B5F0C01CD999800033E35C /* ViewController.m */,
				37B5F0C21CD999800033E35C /* Main.storyboard */,
				37B5F0C51CD999810033E35C /* Assets.xcassets */,
				37B5F0C71CD999810033E35C /* LaunchScreen.storyboard */,
				37B5F0CA1CD999810033E35C /* Info.plist */,
				37B5F0B91CD999800033E35C /* Supporting Files */,
				37B5F0D71CD9B30F0033E35C /* Secrets.h */,
				37B5F0D81CD9B30F0033E35C /* Secrets.m */,
			);
			path = thatTrack;
			sourceTree = "<group>";
		};
		37B5F0B91CD999800033E35C /* Supporting Files */ = {
			isa = PBXGroup;
			children = (
				37B5F0BA1CD999800033E35C /* main.m */,
			);
			name = "Supporting Files";
			sourceTree = "<group>";
		};
		37B5F0D01CD999B40033E35C /* Frameworks */ = {
			isa = PBXGroup;
			children = (
				37B5F0D51CD99DB50033E35C /* SystemConfiguration.framework */,
				37B5F0D31CD99DA90033E35C /* AVFoundation.framework */,
				37B5F0D11CD999D60033E35C /* Spotify.framework */,
			);
			name = Frameworks;
			sourceTree = "<group>";
		};
/* End PBXGroup section */

/* Begin PBXNativeTarget section */
		37B5F0B51CD999800033E35C /* thatTrack */ = {
			isa = PBXNativeTarget;
			buildConfigurationList = 37B5F0CD1CD999810033E35C /* Build configuration list for PBXNativeTarget "thatTrack" */;
			buildPhases = (
				37B5F0B21CD999800033E35C /* Sources */,
				37B5F0B31CD999800033E35C /* Frameworks */,
				37B5F0B41CD999800033E35C /* Resources */,
			);
			buildRules = (
			);
			dependencies = (
			);
			name = thatTrack;
			productName = thatTrack;
			productReference = 37B5F0B61CD999800033E35C /* thatTrack.app */;
			productType = "com.apple.product-type.application";
		};
/* End PBXNativeTarget section */

/* Begin PBXProject section */
		37B5F0AE1CD999800033E35C /* Project object */ = {
			isa = PBXProject;
			attributes = {
				LastUpgradeCheck = 0730;
				ORGANIZATIONNAME = "Daniel Adeyanju";
				TargetAttributes = {
					37B5F0B51CD999800033E35C = {
						CreatedOnToolsVersion = 7.3;
						DevelopmentTeam = JQRV5766HA;
					};
				};
			};
			buildConfigurationList = 37B5F0B11CD999800033E35C /* Build configuration list for PBXProject "thatTrack" */;
			compatibilityVersion = "Xcode 3.2";
			developmentRegion = English;
			hasScannedForEncodings = 0;
			knownRegions = (
				en,
				Base,
			);
			mainGroup = 37B5F0AD1CD999800033E35C;
			productRefGroup = 37B5F0B71CD999800033E35C /* Products */;
			projectDirPath = "";
			projectRoot = "";
			targets = (
				37B5F0B51CD999800033E35C /* thatTrack */,
			);
		};
/* End PBXProject section */

/* Begin PBXResourcesBuildPhase section */
		37B5F0B41CD999800033E35C /* Resources */ = {
			isa = PBXResourcesBuildPhase;
			buildActionMask = 2147483647;
			files = (
				37B5F0C91CD999810033E35C /* LaunchScreen.storyboard in Resources */,
				37B5F0C61CD999810033E35C /* Assets.xcassets in Resources */,
				37B5F0C41CD999800033E35C /* Main.storyboard in Resources */,
			);
			runOnlyForDeploymentPostprocessing = 0;
		};
/* End PBXResourcesBuildPhase section */

/* Begin PBXSourcesBuildPhase section */
		37B5F0B21CD999800033E35C /* Sources */ = {
			isa = PBXSourcesBuildPhase;
			buildActionMask = 2147483647;
			files = (
				37B5F0C11CD999800033E35C /* ViewController.m in Sources */,
				37B5F0D91CD9B30F0033E35C /* Secrets.m in Sources */,
				37B5F0BE1CD999800033E35C /* AppDelegate.m in Sources */,
				37B5F0BB1CD999800033E35C /* main.m in Sources */,
			);
			runOnlyForDeploymentPostprocessing = 0;
		};
/* End PBXSourcesBuildPhase section */

/* Begin PBXVariantGroup section */
		37B5F0C21CD999800033E35C /* Main.storyboard */ = {
			isa = PBXVariantGroup;
			children = (
				37B5F0C31CD999800033E35C /* Base */,
			);
			name = Main.storyboard;
			sourceTree = "<group>";
		};
		37B5F0C71CD999810033E35C /* LaunchScreen.storyboard */ = {
			isa = PBXVariantGroup;
			children = (
				37B5F0C81CD999810033E35C /* Base */,
			);
			name = LaunchScreen.storyboard;
			sourceTree = "<group>";
		};
/* End PBXVariantGroup section */

/* Begin XCBuildConfiguration section */
		37B5F0CB1CD999810033E35C /* Debug */ = {
			isa = XCBuildConfiguration;
			buildSettings = {
				ALWAYS_SEARCH_USER_PATHS = NO;
				CLANG_ANALYZER_NONNULL = YES;
				CLANG_CXX_LANGUAGE_STANDARD = "gnu++0x";
				CLANG_CXX_LIBRARY = "libc++";
				CLANG_ENABLE_MODULES = YES;
				CLANG_ENABLE_OBJC_ARC = YES;
				CLANG_WARN_BOOL_CONVERSION = YES;
				CLANG_WARN_CONSTANT_CONVERSION = YES;
				CLANG_WARN_DIRECT_OBJC_ISA_USAGE = YES_ERROR;
				CLANG_WARN_EMPTY_BODY = YES;
				CLANG_WARN_ENUM_CONVERSION = YES;
				CLANG_WARN_INT_CONVERSION = YES;
				CLANG_WARN_OBJC_ROOT_CLASS = YES_ERROR;
				CLANG_WARN_UNREACHABLE_CODE = YES;
				CLANG_WARN__DUPLICATE_METHOD_MATCH = YES;
				"CODE_SIGN_IDENTITY[sdk=iphoneos*]" = "iPhone Developer";
				COPY_PHASE_STRIP = NO;
				DEBUG_INFORMATION_FORMAT = dwarf;
				ENABLE_STRICT_OBJC_MSGSEND = YES;
				ENABLE_TESTABILITY = YES;
				GCC_C_LANGUAGE_STANDARD = gnu99;
				GCC_DYNAMIC_NO_PIC = NO;
				GCC_NO_COMMON_BLOCKS = YES;
				GCC_OPTIMIZATION_LEVEL = 0;
				GCC_PREPROCESSOR_DEFINITIONS = (
					"DEBUG=1",
					"$(inherited)",
				);
				GCC_WARN_64_TO_32_BIT_CONVERSION = YES;
				GCC_WARN_ABOUT_RETURN_TYPE = YES_ERROR;
				GCC_WARN_UNDECLARED_SELECTOR = YES;
				GCC_WARN_UNINITIALIZED_AUTOS = YES_AGGRESSIVE;
				GCC_WARN_UNUSED_FUNCTION = YES;
				GCC_WARN_UNUSED_VARIABLE = YES;
				IPHONEOS_DEPLOYMENT_TARGET = 9.3;
				MTL_ENABLE_DEBUG_INFO = YES;
				ONLY_ACTIVE_ARCH = YES;
				SDKROOT = iphoneos;
				TARGETED_DEVICE_FAMILY = "1,2";
			};
			name = Debug;
		};
		37B5F0CC1CD999810033E35C /* Release */ = {
			isa = XCBuildConfiguration;
			buildSettings = {
				ALWAYS_SEARCH_USER_PATHS = NO;
				CLANG_ANALYZER_NONNULL = YES;
				CLANG_CXX_LANGUAGE_STANDARD = "gnu++0x";
				CLANG_CXX_LIBRARY = "libc++";
				CLANG_ENABLE_MODULES = YES;
				CLANG_ENABLE_OBJC_ARC = YES;
				CLANG_WARN_BOOL_CONVERSION = YES;
				CLANG_WARN_CONSTANT_CONVERSION = YES;
				CLANG_WARN_DIRECT_OBJC_ISA_USAGE = YES_ERROR;
				CLANG_WARN_EMPTY_BODY = YES;
				CLANG_WARN_ENUM_CONVERSION = YES;
				CLANG_WARN_INT_CONVERSION = YES;
				CLANG_WARN_OBJC_ROOT_CLASS = YES_ERROR;
				CLANG_WARN_UNREACHABLE_CODE = YES;
				CLANG_WARN__DUPLICATE_METHOD_MATCH = YES;
				"CODE_SIGN_IDENTITY[sdk=iphoneos*]" = "iPhone Developer";
				COPY_PHASE_STRIP = NO;
				DEBUG_INFORMATION_FORMAT = "dwarf-with-dsym";
				ENABLE_NS_ASSERTIONS = NO;
				ENABLE_STRICT_OBJC_MSGSEND = YES;
				GCC_C_LANGUAGE_STANDARD = gnu99;
				GCC_NO_COMMON_BLOCKS = YES;
				GCC_WARN_64_TO_32_BIT_CONVERSION = YES;
				GCC_WARN_ABOUT_RETURN_TYPE = YES_ERROR;
				GCC_WARN_UNDECLARED_SELECTOR = YES;
				GCC_WARN_UNINITIALIZED_AUTOS = YES_AGGRESSIVE;
				GCC_WARN_UNUSED_FUNCTION = YES;
				GCC_WARN_UNUSED_VARIABLE = YES;
				IPHONEOS_DEPLOYMENT_TARGET = 9.3;
				MTL_ENABLE_DEBUG_INFO = NO;
				SDKROOT = iphoneos;
				TARGETED_DEVICE_FAMILY = "1,2";
				VALIDATE_PRODUCT = YES;
			};
			name = Release;
		};
		37B5F0CE1CD999810033E35C /* Debug */ = {
			isa = XCBuildConfiguration;
			buildSettings = {
				ASSETCATALOG_COMPILER_APPICON_NAME = AppIcon;
				FRAMEWORK_SEARCH_PATHS = (
					"$(inherited)",
					"$(PROJECT_DIR)",
				);
				INFOPLIST_FILE = thatTrack/Info.plist;
				LD_RUNPATH_SEARCH_PATHS = "$(inherited) @executable_path/Frameworks";
				OTHER_LDFLAGS = "-ObjC";
				PRODUCT_BUNDLE_IDENTIFIER = DA.thatTrack;
				PRODUCT_NAME = "$(TARGET_NAME)";
			};
			name = Debug;
		};
		37B5F0CF1CD999810033E35C /* Release */ = {
			isa = XCBuildConfiguration;
			buildSettings = {
				ASSETCATALOG_COMPILER_APPICON_NAME = AppIcon;
				FRAMEWORK_SEARCH_PATHS = (
					"$(inherited)",
					"$(PROJECT_DIR)",
				);
				INFOPLIST_FILE = thatTrack/Info.plist;
				LD_RUNPATH_SEARCH_PATHS = "$(inherited) @executable_path/Frameworks";
				OTHER_LDFLAGS = "-ObjC";
				PRODUCT_BUNDLE_IDENTIFIER = DA.thatTrack;
				PRODUCT_NAME = "$(TARGET_NAME)";
			};
			name = Release;
		};
/* End XCBuildConfiguration section */

/* Begin XCConfigurationList section */
		37B5F0B11CD999800033E35C /* Build configuration list for PBXProject "thatTrack" */ = {
			isa = XCConfigurationList;
			buildConfigurations = (
				37B5F0CB1CD999810033E35C /* Debug */,
				37B5F0CC1CD999810033E35C /* Release */,
			);
			defaultConfigurationIsVisible = 0;
			defaultConfigurationName = Release;
		};
		37B5F0CD1CD999810033E35C /* Build configuration list for PBXNativeTarget "thatTrack" */ = {
			isa = XCConfigurationList;
			buildConfigurations = (
				37B5F0CE1CD999810033E35C /* Debug */,
				37B5F0CF1CD999810033E35C /* Release */,
			);
			defaultConfigurationIsVisible = 0;
		};
/* End XCConfigurationList section */
	};
	rootObject = 37B5F0AE1CD999800033E35C /* Project object */;
}
